{
  "lockfile_version": "1",
  "packages": {
    "bat@latest": {
      "last_modified": "2026-05-21T08:15:18Z",
      "resolved": "github:NixOS/nixpkgs/4a29d733e8a7d5b824c3d8c958a946a9867b3eb2#bat",
      "source": "devbox-search",
      "version": "0.26.1",
      "systems": {
        "aarch64-darwin": {
          "outputs": [
            {
              "name": "out",
              "path": "/nix/store/igwvpssksmqgxlrd2qk93jydvml2171q-bat-0.26.1",
              "default": true
            }
          ],
          "store_path": "/nix/store/igwvpssksmqgxlrd2qk93jydvml2171q-bat-0.26.1"
        },
        "aarch64-linux": {
          "outputs": [
            {
              "name": "out",
              "path": "/nix/store/m2adi6lwf0nkz17p15q7r1wnpkq7x26n-bat-0.26.1",
              "default": true
            }
          ],
          "store_path": "/nix/store/m2adi6lwf0nkz17p15q7r1wnpkq7x26n-bat-0.26.1"
        },
        "x86_64-darwin": {
          "outputs": [
            {
              "name": "out",
              "path": "/nix/store/d8r2dxck0cir3ygz8jbgaak9w41mq3q1-bat-0.26.1",
              "default": true
            }
          ],
          "store_path": "/nix/store/d8r2dxck0cir3ygz8jbgaak9w41mq3q1-bat-0.26.1"
        },
        "x86_64-linux": {
          "outputs": [
            {
              "name": "out",
              "path": "/nix/store/ryfh6hspp28libl3mlw5sv64giq5iasi-bat-0.26.1",
              "default": true
            }
          ],
          "store_path": "/nix/store/ryfh6hspp28libl3mlw5sv64giq5iasi-bat-0.26.1"
        }
      }
    },
    "duckdb@latest": {
      "last_modified": "2026-06-14T16:21:05Z",
      "resolved": "github:NixOS/nixpkgs/9eac87a12312b8f60dd52e1c6e1a265f6fc7f5fc#duckdb",
      "source": "devbox-search",
      "version": "1.5.2",
      "systems": {
        "aarch64-darwin": {
          "outputs": [
            {
              "name": "out",
              "path": "/nix/store/7kndzrj7c5xji5yw6695z1igd70md6rh-duckdb-1.5.2",
              "default": true
            },
            {
              "name": "lib",
              "path": "/nix/store/nlm2dljd61lmaxi7jg653kk0v6bcnfnb-duckdb-1.5.2-lib"
            },
            {
              "name": "dev",
              "path": "/nix/store/kpaw1ag86d0nf7j5jmzqcgp9fkzqss56-duckdb-1.5.2-dev"
            }
          ],
          "store_path": "/nix/store/7kndzrj7c5xji5yw6695z1igd70md6rh-duckdb-1.5.2"
        },
        "aarch64-linux": {
          "outputs": [
            {
              "name": "out",
              "path": "/nix/store/hqakq1fh1rqjlii77m4rw3hv2j8hyrxw-duckdb-1.5.2",
              "default": true
            },
            {
              "name": "dev",
              "path": "/nix/store/p8cz9kfgvfxzan796y00j6vkskifnjbm-duckdb-1.5.2-dev"
            },
            {
              "name": "lib",
              "path": "/nix/store/l5v7xvd3hn61ckndk7bnm3c7kj0cqdfl-duckdb-1.5.2-lib"
            }
          ],
          "store_path": "/nix/store/hqakq1fh1rqjlii77m4rw3hv2j8hyrxw-duckdb-1.5.2"
        },
        "x86_64-darwin": {
          "outputs": [
            {
              "name": "out",
              "path": "/nix/store/mwxih4wn78wdzfrfffbjbczi0by09yj3-duckdb-1.5.2",
              "default": true
            },
            {
              "name": "dev",
              "path": "/nix/store/h5wqjzasv8v9nsc363km70qsvz80naq7-duckdb-1.5.2-dev"
            },
            {
              "name": "lib",
              "path": "/nix/store/64kwr46nznr8hxqs31yv9l1v87cfbkpw-duckdb-1.5.2-lib"
            }
          ],
          "store_path": "/nix/store/mwxih4wn78wdzfrfffbjbczi0by09yj3-duckdb-1.5.2"
        },
        "x86_64-linux": {
          "outputs": [
            {
              "name": "out",
              "path": "/nix/store/y4ya9vsbq4wr784l4g4cvi27v0cy40k9-duckdb-1.5.2",
              "default": true
            },
            {
              "name": "dev",
              "path": "/nix/store/6jcnq8spw5rn7zdp3lyqfix274znrq27-duckdb-1.5.2-dev"
            },
            {
              "name": "lib",
              "path": "/nix/store/jh4nw6lc668jxy2hdj98skprgavgvq6c-duckdb-1.5.2-lib"
            }
          ],
          "store_path": "/nix/store/y4ya9vsbq4wr784l4g4cvi27v0cy40k9-duckdb-1.5.2"
        }
      }
    },
    "github:NixOS/nixpkgs/nixpkgs-unstable": {
      "last_modified": "2026-06-16T10:57:20Z",
      "resolved": "github:NixOS/nixpkgs/3e41b24abd260e8f71dbe2f5737d24122f972158?lastModified=1781607440&narHash=sha256-rxO%2Buc%2FKFbSJp%2BpgyXRuAX6QlG9hJdnt0BXpEQRXY%2BU%3D"
    },
    "glibcLocales@latest": {
      "last_modified": "2026-05-21T08:15:18Z",
      "resolved": "github:NixOS/nixpkgs/4a29d733e8a7d5b824c3d8c958a946a9867b3eb2#glibcLocales",
      "source": "devbox-search",
      "version": "2.42-61",
      "systems": {
        "aarch64-linux": {
          "outputs": [
            {
              "name": "out",
              "path": "/nix/store/dlq1phn9xxacdc7pqfi7n4yn6b2npz6g-glibc-locales-2.42-61",
              "default": true
            }
          ],
          "store_path": "/nix/store/dlq1phn9xxacdc7pqfi7n4yn6b2npz6g-glibc-locales-2.42-61"
        },
        "x86_64-linux": {
          "outputs": [
            {
              "name": "out",
              "path": "/nix/store/78i8xfh6bdkcnzc1bs3fpj7dbgvxxa4h-glibc-locales-2.42-61",
              "default": true
            }
          ],
          "store_path": "/nix/store/78i8xfh6bdkcnzc1bs3fpj7dbgvxxa4h-glibc-locales-2.42-61"
        }
      }
    },
    "jdk@21": {
      "last_modified": "2025-10-22T20:59:19Z",
      "resolved": "github:NixOS/nixpkgs/01b6809f7f9d1183a2b3e081f0a1e6f8f415cb09#jdk",
      "source": "devbox-search",
      "version": "21.0.9+8",
      "systems": {
        "aarch64-darwin": {
          "outputs": [
            {
              "path": "/nix/store/n3rmmip6djs9s68zkazn1c6gsxbjg7fs-zulu-ca-jdk-21.0.8",
              "default": true
            }
          ]
        },
        "aarch64-linux": {
          "outputs": [
            {
              "name": "out",
              "path": "/nix/store/gxjm3qjq9kyvi5hv7r4s8ngbkg1d94df-openjdk-21.0.9+8",
              "default": true
            },
            {
              "name": "debug",
              "path": "/nix/store/sz9izpfkgi9nw3s9fz8vik9qn01vkx4d-openjdk-21.0.9+8-debug"
            }
          ],
          "store_path": "/nix/store/gxjm3qjq9kyvi5hv7r4s8ngbkg1d94df-openjdk-21.0.9+8"
        },
        "x86_64-linux": {
          "outputs": [
            {
              "name": "out",
              "path": "/nix/store/l5z1hqq6l223379w6f25fibniz16g2s9-openjdk-21.0.9+8",
              "default": true
            },
            {
              "name": "debug",
              "path": "/nix/store/pgkj2381fcdrbx9w85h162cigdgyn7j2-openjdk-21.0.9+8-debug"
            }
          ],
          "store_path": "/nix/store/l5z1hqq6l223379w6f25fibniz16g2s9-openjdk-21.0.9+8"
        }
      }
    },
    "postgresql@latest": {
      "last_modified": "2026-06-14T16:21:05Z",
      "plugin_version": "0.0.2",
      "resolved": "github:NixOS/nixpkgs/9eac87a12312b8f60dd52e1c6e1a265f6fc7f5fc#postgresql",
      "source": "devbox-search",
      "version": "17.10",
      "systems": {
        "aarch64-darwin": {
          "outputs": [
            {
              "name": "out",
              "path": "/nix/store/k5mjkij9d9fcikm1pshcads63fsyf08r-postgresql-17.10",
              "default": true
            },
            {
              "name": "man",
              "path": "/nix/store/fbqgpjlxp8kjlln7f2rqlidz86dq1dxj-postgresql-17.10-man",
              "default": true
            },
            {
              "name": "plpython3",
              "path": "/nix/store/x8kr0c530y07ml1f2k2q1h70j2bi5ndm-postgresql-17.10-plpython3"
            },
            {
              "name": "dev",
              "path": "/nix/store/y2yfqp710f5ggzj972wvdw27c4465g9b-postgresql-17.10-dev"
            },
            {
              "name": "jit",
              "path": "/nix/store/jvvc8129hqsxvwxdvhgz8jhsajbyci9s-postgresql-17.10-jit"
            },
            {
              "name": "plperl",
              "path": "/nix/store/jfdxbynhcf8a69s2b9k2sm0yicdy9chb-postgresql-17.10-plperl"
            },
            {
              "name": "pltcl",
              "path": "/nix/store/xnqihgavm8j2p3bxrhx21v0cr4w4bvyq-postgresql-17.10-pltcl"
            },
            {
              "name": "doc",
              "path": "/nix/store/rbd7809q978mm98d2ah6q06hh1fak4g3-postgresql-17.10-doc"
            },
            {
              "name": "lib",
              "path": "/nix/store/chrd4xzfvh20skzq21p5q96cm1hwsr91-postgresql-17.10-lib"
            }
          ],
          "store_path": "/nix/store/k5mjkij9d9fcikm1pshcads63fsyf08r-postgresql-17.10"
        },
        "aarch64-linux": {
          "outputs": [
            {
              "name": "out",
              "path": "/nix/store/cyh24i9352vrbk53nx4lvq1m98ff8aii-postgresql-17.10",
              "default": true
            },
            {
              "name": "man",
              "path": "/nix/store/954b3d8ksbv0s2jh3p4a0i9jfcj4f1j3-postgresql-17.10-man",
              "default": true
            },
            {
              "name": "debug",
              "path": "/nix/store/dbbqlaba1d5db0l4a5xlgzvkk16bb1ql-postgresql-17.10-debug"
            },
            {
              "name": "lib",
              "path": "/nix/store/bs4ds2zwwfjnp2bz2nqpbm3jc1xw2f76-postgresql-17.10-lib"
            },
            {
              "name": "plperl",
              "path": "/nix/store/qrwc6i1vnfhl95dy5hq9172429yf0i4w-postgresql-17.10-plperl"
            },
            {
              "name": "plpython3",
              "path": "/nix/store/xzhgi5yphr8awiw5ji2nmqdzqxdjshqx-postgresql-17.10-plpython3"
            },
            {
              "name": "dev",
              "path": "/nix/store/ckkjpnmpd0lgs28bhq76ffbknkbw0r2l-postgresql-17.10-dev"
            },
            {
              "name": "doc",
              "path": "/nix/store/srbnmzjyc6fq3bp33lxv7185d85g44bg-postgresql-17.10-doc"
            },
            {
              "name": "jit",
              "path": "/nix/store/08a4srs7r0mskz9qnzd00h5h00008v4q-postgresql-17.10-jit"
            },
            {
              "name": "pltcl",
              "path": "/nix/store/3xqvyngzy2hxckg1q4d6sbn7grj8kmnm-postgresql-17.10-pltcl"
            }
          ],
          "store_path": "/nix/store/cyh24i9352vrbk53nx4lvq1m98ff8aii-postgresql-17.10"
        },
        "x86_64-darwin": {
          "outputs": [
            {
              "name": "out",
              "path": "/nix/store/2d6cqkal090xcmk7vpkvh24sl3infbby-postgresql-17.10",
              "default": true
            },
            {
              "name": "man",
              "path": "/nix/store/rg1kk7km61j8z1j6wbz3cv76zdccijp0-postgresql-17.10-man",
              "default": true
            },
            {
              "name": "dev",
              "path": "/nix/store/3f6llql2ck6q7gnnyz0ysrrwkv2gghky-postgresql-17.10-dev"
            },
            {
              "name": "jit",
              "path": "/nix/store/sax9v31mpzjxngi20jwfhy32hn1d1anm-postgresql-17.10-jit"
            },
            {
              "name": "lib",
              "path": "/nix/store/s3fshal7dhhmbcsm336fghkq6bzd70lq-postgresql-17.10-lib"
            },
            {
              "name": "plpython3",
              "path": "/nix/store/7bli73px1dfsfy1fwsxs30yxq17kvaxs-postgresql-17.10-plpython3"
            },
            {
              "name": "pltcl",
              "path": "/nix/store/s0flr58ascaiv0mlvwfgq2gmpzgy277a-postgresql-17.10-pltcl"
            },
            {
              "name": "doc",
              "path": "/nix/store/1235f75980ib2z42isq8w00css1n4f66-postgresql-17.10-doc"
            },
            {
              "name": "plperl",
              "path": "/nix/store/rbdah6bn3zm84inf5b5aqyshvri7d7lz-postgresql-17.10-plperl"
            }
          ],
          "store_path": "/nix/store/2d6cqkal090xcmk7vpkvh24sl3infbby-postgresql-17.10"
        },
        "x86_64-linux": {
          "outputs": [
            {
              "name": "out",
              "path": "/nix/store/8zm2sma9jgvq101yy4x45za4y28yd164-postgresql-17.10",
              "default": true
            },
            {
              "name": "man",
              "path": "/nix/store/csjq4w1qavdihdq7hywbr0cdf2rzpfz9-postgresql-17.10-man",
              "default": true
            },
            {
              "name": "debug",
              "path": "/nix/store/lfgkjigmsr1pyyyf42d5ilnc003bjxn7-postgresql-17.10-debug"
            },
            {
              "name": "doc",
              "path": "/nix/store/c8wad1x0pmvysnfkz5d9rcpb872qc2j7-postgresql-17.10-doc"
            },
            {
              "name": "plperl",
              "path": "/nix/store/h98zq6zgf63dwix04cp93c0m3wk29acy-postgresql-17.10-plperl"
            },
            {
              "name": "plpython3",
              "path": "/nix/store/wy8i0s38mq87j1cbq69i950rb26z7pz1-postgresql-17.10-plpython3"
            },
            {
              "name": "dev",
              "path": "/nix/store/2y8a47fzhkibnfy5lzrv16ylj5rn2pj7-postgresql-17.10-dev"
            },
            {
              "name": "jit",
              "path": "/nix/store/phskfynzln3q5qhc1m0i2g7n585129yn-postgresql-17.10-jit"
            },
            {
              "name": "lib",
              "path": "/nix/store/h0mwgi47x8cmwyfqgbi3spsyr8hwidn0-postgresql-17.10-lib"
            },
            {
              "name": "pltcl",
              "path": "/nix/store/dd2j50hn9p1capz9kqcbj1773v4agpfj-postgresql-17.10-pltcl"
            }
          ],
          "store_path": "/nix/store/8zm2sma9jgvq101yy4x45za4y28yd164-postgresql-17.10"
        }
      }
    },
    "python@3.13": {
      "last_modified": "2025-05-16T20:19:48Z",
      "plugin_version": "0.0.5",
      "resolved": "github:NixOS/nixpkgs/12a55407652e04dcf2309436eb06fef0d3713ef3#python313",
      "source": "devbox-search",
      "version": "3.13.3",
      "systems": {
        "aarch64-darwin": {
          "outputs": [
            {
              "name": "out",
              "path": "/nix/store/1a8xg8l3m67hxinxzzcsak9736qm9vsf-python3-3.13.3",
              "default": true
            }
          ],
          "store_path": "/nix/store/1a8xg8l3m67hxinxzzcsak9736qm9vsf-python3-3.13.3"
        },
        "aarch64-linux": {
          "outputs": [
            {
              "name": "out",
              "path": "/nix/store/yy0xvc2rydhrs0h1v8d7r3sql347xzz5-python3-3.13.3",
              "default": true
            },
            {
              "name": "debug",
              "path": "/nix/store/42bxfqfrh8cwspl7szr0cw8739xv8qlq-python3-3.13.3-debug"
            }
          ],
          "store_path": "/nix/store/yy0xvc2rydhrs0h1v8d7r3sql347xzz5-python3-3.13.3"
        },
        "x86_64-darwin": {
          "outputs": [
            {
              "name": "out",
              "path": "/nix/store/gbrigjhghz9v2p0zf9b2fnvs0g0yx7q4-python3-3.13.3",
              "default": true
            }
          ],
          "store_path": "/nix/store/gbrigjhghz9v2p0zf9b2fnvs0g0yx7q4-python3-3.13.3"
        },
        "x86_64-linux": {
          "outputs": [
            {
              "name": "out",
              "path": "/nix/store/2mab9iiwhcqwk75qwvp3zv0bvbiaq6cs-python3-3.13.3",
              "default": true
            },
            {
              "name": "debug",
              "path": "/nix/store/9z6k8ijl2md0y2n95yprbjj4vxbfsi15-python3-3.13.3-debug"
            }
          ],
          "store_path": "/nix/store/2mab9iiwhcqwk75qwvp3zv0bvbiaq6cs-python3-3.13.3"
        }
      }
    },
    "sqlcmd@latest": {
      "last_modified": "2026-05-21T08:15:18Z",
      "resolved": "github:NixOS/nixpkgs/4a29d733e8a7d5b824c3d8c958a946a9867b3eb2#sqlcmd",
      "source": "devbox-search",
      "version": "1.10.0",
      "systems": {
        "aarch64-darwin": {
          "outputs": [
            {
              "name": "out",
              "path": "/nix/store/8z0mn269xlh4w6y1f1jih9fzfva72vqs-sqlcmd-1.10.0",
              "default": true
            }
          ],
          "store_path": "/nix/store/8z0mn269xlh4w6y1f1jih9fzfva72vqs-sqlcmd-1.10.0"
        },
        "aarch64-linux": {
          "outputs": [
            {
              "name": "out",
              "path": "/nix/store/aw7v9816rifkwnn6irf65k6bw22c4ixc-sqlcmd-1.10.0",
              "default": true
            }
          ],
          "store_path": "/nix/store/aw7v9816rifkwnn6irf65k6bw22c4ixc-sqlcmd-1.10.0"
        },
        "x86_64-darwin": {
          "outputs": [
            {
              "name": "out",
              "path": "/nix/store/rqdcla3m2ca29xn970gvn1l9aiyfn0yp-sqlcmd-1.10.0",
              "default": true
            }
          ],
          "store_path": "/nix/store/rqdcla3m2ca29xn970gvn1l9aiyfn0yp-sqlcmd-1.10.0"
        },
        "x86_64-linux": {
          "outputs": [
            {
              "name": "out",
              "path": "/nix/store/rl76817myfg86b5iaqrkyfrr106vqww8-sqlcmd-1.10.0",
              "default": true
            }
          ],
          "store_path": "/nix/store/rl76817myfg86b5iaqrkyfrr106vqww8-sqlcmd-1.10.0"
        }
      }
    },
    "sqlfluff@latest": {
      "last_modified": "2026-06-08T15:01:26Z",
      "resolved": "github:NixOS/nixpkgs/8c3cede7ddc26bd659d2d383b5610efbd2c7a16e#sqlfluff",
      "source": "devbox-search",
      "version": "4.2.2",
      "systems": {
        "aarch64-darwin": {
          "outputs": [
            {
              "name": "out",
              "path": "/nix/store/nx978r4an3yy7l1dd6y6jx20a6qkx8gj-sqlfluff-4.2.2",
              "default": true
            },
            {
              "name": "dist",
              "path": "/nix/store/xm732vqpxqdyvn579q67ra4da2xln6y8-sqlfluff-4.2.2-dist"
            }
          ],
          "store_path": "/nix/store/nx978r4an3yy7l1dd6y6jx20a6qkx8gj-sqlfluff-4.2.2"
        },
        "aarch64-linux": {
          "outputs": [
            {
              "name": "out",
              "path": "/nix/store/ajjbip27ibwx1iqrdzdd6qkhi5val35g-sqlfluff-4.2.2",
              "default": true
            },
            {
              "name": "dist",
              "path": "/nix/store/vrqkg13p8m48my2zwpl0nhl19vpbcn1j-sqlfluff-4.2.2-dist"
            }
          ],
          "store_path": "/nix/store/ajjbip27ibwx1iqrdzdd6qkhi5val35g-sqlfluff-4.2.2"
        },
        "x86_64-darwin": {
          "outputs": [
            {
              "name": "out",
              "path": "/nix/store/87xsvqw8i3yffl3xsaxffrjlcmjlcjnd-sqlfluff-4.2.2",
              "default": true
            },
            {
              "name": "dist",
              "path": "/nix/store/5bv4nv18yzc1hjm8l8vxdyzqq92qpj3w-sqlfluff-4.2.2-dist"
            }
          ],
          "store_path": "/nix/store/87xsvqw8i3yffl3xsaxffrjlcmjlcjnd-sqlfluff-4.2.2"
        },
        "x86_64-linux": {
          "outputs": [
            {
              "name": "out",
              "path": "/nix/store/cfcggnhrjg01z6lym5qv67cpby5qkvki-sqlfluff-4.2.2",
              "default": true
            },
            {
              "name": "dist",
              "path": "/nix/store/9ybyr67gg0qpc8c07hwfndsjpbmraq5p-sqlfluff-4.2.2-dist"
            }
          ],
          "store_path": "/nix/store/cfcggnhrjg01z6lym5qv67cpby5qkvki-sqlfluff-4.2.2"
        }
      }
    },
    "trino-cli@latest": {
      "last_modified": "2026-05-21T08:15:18Z",
      "resolved": "github:NixOS/nixpkgs/4a29d733e8a7d5b824c3d8c958a946a9867b3eb2#trino-cli",
      "source": "devbox-search",
      "version": "476",
      "systems": {
        "aarch64-darwin": {
          "outputs": [
            {
              "name": "out",
              "path": "/nix/store/3cn412s551xd9x09441hjpwzfyzafp9l-trino-cli-476",
              "default": true
            }
          ],
          "store_path": "/nix/store/3cn412s551xd9x09441hjpwzfyzafp9l-trino-cli-476"
        },
        "aarch64-linux": {
          "outputs": [
            {
              "name": "out",
              "path": "/nix/store/jaqpfphyjd9p2iyr6nrhfzkg5pb3jmdc-trino-cli-476",
              "default": true
            }
          ],
          "store_path": "/nix/store/jaqpfphyjd9p2iyr6nrhfzkg5pb3jmdc-trino-cli-476"
        },
        "x86_64-darwin": {
          "outputs": [
            {
              "name": "out",
              "path": "/nix/store/aa2as610nfiyrv5qbdl1pvbl1jxr92p1-trino-cli-476",
              "default": true
            }
          ],
          "store_path": "/nix/store/aa2as610nfiyrv5qbdl1pvbl1jxr92p1-trino-cli-476"
        },
        "x86_64-linux": {
          "outputs": [
            {
              "name": "out",
              "path": "/nix/store/6fhc4sz7z0dcsgpr15pb0vbd3cbrzxgv-trino-cli-476",
              "default": true
            }
          ],
          "store_path": "/nix/store/6fhc4sz7z0dcsgpr15pb0vbd3cbrzxgv-trino-cli-476"
        }
      }
    },
    "uv@latest": {
      "last_modified": "2026-06-11T01:27:03Z",
      "resolved": "github:NixOS/nixpkgs/b503dde361500433ca25a32e8f4d218bf58fb659#uv",
      "source": "devbox-search",
      "version": "0.11.19",
      "systems": {
        "aarch64-darwin": {
          "outputs": [
            {
              "name": "out",
              "path": "/nix/store/85f6iib2zbi10bkkimkazkin1iv2b7nc-uv-0.11.19",
              "default": true
            }
          ],
          "store_path": "/nix/store/85f6iib2zbi10bkkimkazkin1iv2b7nc-uv-0.11.19"
        },
        "aarch64-linux": {
          "outputs": [
            {
              "name": "out",
              "path": "/nix/store/d247y1hg4d7hb38h3bnb6r503qy2ky78-uv-0.11.19",
              "default": true
            }
          ],
          "store_path": "/nix/store/d247y1hg4d7hb38h3bnb6r503qy2ky78-uv-0.11.19"
        },
        "x86_64-darwin": {
          "outputs": [
            {
              "name": "out",
              "path": "/nix/store/285wms6br1rpnjydfl1x1qd82bvvrhc1-uv-0.11.19",
              "default": true
            }
          ],
          "store_path": "/nix/store/285wms6br1rpnjydfl1x1qd82bvvrhc1-uv-0.11.19"
        },
        "x86_64-linux": {
          "outputs": [
            {
              "name": "out",
              "path": "/nix/store/2xqsvim09lc968bc67w0jvxpp2j4lfm5-uv-0.11.19",
              "default": true
            }
          ],
          "store_path": "/nix/store/2xqsvim09lc968bc67w0jvxpp2j4lfm5-uv-0.11.19"
        }
      }
    },
    "watch@latest": {
      "last_modified": "2023-02-24T09:01:09Z",
      "resolved": "github:NixOS/nixpkgs/7d0ed7f2e5aea07ab22ccb338d27fbe347ed2f11#watch",
      "source": "devbox-search",
      "version": "3.3.17",
      "systems": {
        "aarch64-darwin": {
          "outputs": [
            {
              "path": "/nix/store/8n0jrrxwk8j71ncsrixajkjiydaarm2y-watch-procps-3.3.17",
              "default": true
            }
          ]
        }
      }
    }
  }
}
