{
  "lockfile_version": "1",
  "packages": {
    "bat@latest": {
      "last_modified": "2025-12-03T03:51:48Z",
      "resolved": "github:NixOS/nixpkgs/cadcc8de247676e4751c9d4a935acb2c0b059113#bat",
      "source": "devbox-search",
      "version": "0.26.1",
      "systems": {
        "aarch64-darwin": {
          "outputs": [
            {
              "name": "out",
              "path": "/nix/store/wwxcmvd195g5bfzbz5k25z1cx5hm8w65-bat-0.26.1",
              "default": true
            }
          ],
          "store_path": "/nix/store/wwxcmvd195g5bfzbz5k25z1cx5hm8w65-bat-0.26.1"
        },
        "aarch64-linux": {
          "outputs": [
            {
              "name": "out",
              "path": "/nix/store/7n9nclr7b0nr2z83dqssryf0as8931w3-bat-0.26.1",
              "default": true
            }
          ],
          "store_path": "/nix/store/7n9nclr7b0nr2z83dqssryf0as8931w3-bat-0.26.1"
        },
        "x86_64-darwin": {
          "outputs": [
            {
              "name": "out",
              "path": "/nix/store/199xfy9ra365pxifc00xq62f1rgfnd60-bat-0.26.1",
              "default": true
            }
          ],
          "store_path": "/nix/store/199xfy9ra365pxifc00xq62f1rgfnd60-bat-0.26.1"
        },
        "x86_64-linux": {
          "outputs": [
            {
              "name": "out",
              "path": "/nix/store/01wp2vgd70ssmk4fmkc2lh98jkyxnxvv-bat-0.26.1",
              "default": true
            }
          ],
          "store_path": "/nix/store/01wp2vgd70ssmk4fmkc2lh98jkyxnxvv-bat-0.26.1"
        }
      }
    },
    "duckdb@latest": {
      "last_modified": "2025-12-01T17:53:29Z",
      "resolved": "github:NixOS/nixpkgs/8c29968b3a942f2903f90797f9623737c215737c#duckdb",
      "source": "devbox-search",
      "version": "1.4.1",
      "systems": {
        "aarch64-darwin": {
          "outputs": [
            {
              "name": "out",
              "path": "/nix/store/hi8xhsg36pmbsp5qisnqnpfw4p5nmkaz-duckdb-1.4.1",
              "default": true
            },
            {
              "name": "dev",
              "path": "/nix/store/vcmqii2326vihngws6bsnl6zrgvhdhnr-duckdb-1.4.1-dev"
            },
            {
              "name": "lib",
              "path": "/nix/store/hym8f9ii9f974i4cf3844pjxqkqhp4zd-duckdb-1.4.1-lib"
            }
          ],
          "store_path": "/nix/store/hi8xhsg36pmbsp5qisnqnpfw4p5nmkaz-duckdb-1.4.1"
        },
        "aarch64-linux": {
          "outputs": [
            {
              "name": "out",
              "path": "/nix/store/3zyrjdpfqawlb4xhgyqa9k61brqqybs5-duckdb-1.4.1",
              "default": true
            },
            {
              "name": "dev",
              "path": "/nix/store/150xzj9lxffw1idzv40vr0rbjxgv979f-duckdb-1.4.1-dev"
            },
            {
              "name": "lib",
              "path": "/nix/store/qrzwf04y0n6gsjw8mgdcz4fxsfyb5qfw-duckdb-1.4.1-lib"
            }
          ],
          "store_path": "/nix/store/3zyrjdpfqawlb4xhgyqa9k61brqqybs5-duckdb-1.4.1"
        },
        "x86_64-darwin": {
          "outputs": [
            {
              "name": "out",
              "path": "/nix/store/ygm6rnc7xbszalyrr32fsi5l5qpxw0wc-duckdb-1.4.1",
              "default": true
            },
            {
              "name": "dev",
              "path": "/nix/store/4z97qlwnwcqnmp6acb0pqgdxj4pkjgly-duckdb-1.4.1-dev"
            },
            {
              "name": "lib",
              "path": "/nix/store/20l3sli2k84i0rviqvjgyqfzhh2a7cwf-duckdb-1.4.1-lib"
            }
          ],
          "store_path": "/nix/store/ygm6rnc7xbszalyrr32fsi5l5qpxw0wc-duckdb-1.4.1"
        },
        "x86_64-linux": {
          "outputs": [
            {
              "name": "out",
              "path": "/nix/store/8ik10l1g01kniml8p8c6h7gj2n5azi98-duckdb-1.4.1",
              "default": true
            },
            {
              "name": "dev",
              "path": "/nix/store/x64zllqs83v151kspmkzj6vna96r5pci-duckdb-1.4.1-dev"
            },
            {
              "name": "lib",
              "path": "/nix/store/wwx1nqbn8jahgv6cd7bgar2gk68c3y0j-duckdb-1.4.1-lib"
            }
          ],
          "store_path": "/nix/store/8ik10l1g01kniml8p8c6h7gj2n5azi98-duckdb-1.4.1"
        }
      }
    },
    "github:NixOS/nixpkgs/nixpkgs-unstable": {
      "last_modified": "2025-11-23T21:50:36Z",
      "resolved": "github:NixOS/nixpkgs/ee09932cedcef15aaf476f9343d1dea2cb77e261?lastModified=1763934636&narHash=sha256-9glbI7f1uU%2ByzQCq5LwLgdZqx6svOhZWkd4JRY265fc%3D"
    },
    "glibcLocales@latest": {
      "last_modified": "2025-11-23T21:50:36Z",
      "resolved": "github:NixOS/nixpkgs/ee09932cedcef15aaf476f9343d1dea2cb77e261#glibcLocales",
      "source": "devbox-search",
      "version": "2.40-66",
      "systems": {
        "aarch64-linux": {
          "outputs": [
            {
              "name": "out",
              "path": "/nix/store/lhf8phvkgmlqr5ys1bgfr4g38b3l95kd-glibc-locales-2.40-66",
              "default": true
            }
          ],
          "store_path": "/nix/store/lhf8phvkgmlqr5ys1bgfr4g38b3l95kd-glibc-locales-2.40-66"
        },
        "x86_64-linux": {
          "outputs": [
            {
              "name": "out",
              "path": "/nix/store/hjlkypp9lpxwzsjycpy7nqg2mnl7qhzv-glibc-locales-2.40-66",
              "default": true
            }
          ],
          "store_path": "/nix/store/hjlkypp9lpxwzsjycpy7nqg2mnl7qhzv-glibc-locales-2.40-66"
        }
      }
    },
    "jdk@17": {
      "last_modified": "2025-10-22T20:59:19Z",
      "resolved": "github:NixOS/nixpkgs/01b6809f7f9d1183a2b3e081f0a1e6f8f415cb09#jdk17",
      "source": "devbox-search",
      "version": "17.0.12",
      "systems": {
        "aarch64-darwin": {
          "outputs": [
            {
              "name": "out",
              "path": "/nix/store/hlm8a8cnp4hm8xkg0a2yy4kv7cq44jii-zulu-ca-jdk-17.0.12",
              "default": true
            }
          ],
          "store_path": "/nix/store/hlm8a8cnp4hm8xkg0a2yy4kv7cq44jii-zulu-ca-jdk-17.0.12"
        },
        "x86_64-darwin": {
          "outputs": [
            {
              "name": "out",
              "path": "/nix/store/i4zgq9685y6284hbf5a7ac9ysb88dvlz-zulu-ca-jdk-17.0.12",
              "default": true
            }
          ],
          "store_path": "/nix/store/i4zgq9685y6284hbf5a7ac9ysb88dvlz-zulu-ca-jdk-17.0.12"
        }
      }
    },
    "ngrok@latest": {
      "last_modified": "2026-01-23T17:20:52Z",
      "resolved": "github:NixOS/nixpkgs/a1bab9e494f5f4939442a57a58d0449a109593fe#ngrok",
      "source": "devbox-search",
      "version": "3.31.0",
      "systems": {
        "aarch64-darwin": {
          "outputs": [
            {
              "name": "out",
              "path": "/nix/store/raysg8wjkdsbrmwxc71qd602b6fl1f31-ngrok-3.31.0",
              "default": true
            }
          ],
          "store_path": "/nix/store/raysg8wjkdsbrmwxc71qd602b6fl1f31-ngrok-3.31.0"
        },
        "aarch64-linux": {
          "outputs": [
            {
              "name": "out",
              "path": "/nix/store/rwk1b8hpzn5njk76i16bgsgcv26l74mj-ngrok-3.31.0",
              "default": true
            }
          ],
          "store_path": "/nix/store/rwk1b8hpzn5njk76i16bgsgcv26l74mj-ngrok-3.31.0"
        },
        "x86_64-darwin": {
          "outputs": [
            {
              "name": "out",
              "path": "/nix/store/ll573myragw5ps0s17awp482p1n81pkb-ngrok-3.31.0",
              "default": true
            }
          ],
          "store_path": "/nix/store/ll573myragw5ps0s17awp482p1n81pkb-ngrok-3.31.0"
        },
        "x86_64-linux": {
          "outputs": [
            {
              "name": "out",
              "path": "/nix/store/g9lmb1dpzzrrdi20palzi1f70fkrcprn-ngrok-3.31.0",
              "default": true
            }
          ],
          "store_path": "/nix/store/g9lmb1dpzzrrdi20palzi1f70fkrcprn-ngrok-3.31.0"
        }
      }
    },
    "postgresql@latest": {
      "last_modified": "2025-12-05T15:03:55Z",
      "plugin_version": "0.0.2",
      "resolved": "github:NixOS/nixpkgs/a672be65651c80d3f592a89b3945466584a22069#postgresql",
      "source": "devbox-search",
      "version": "17.7",
      "systems": {
        "aarch64-darwin": {
          "outputs": [
            {
              "name": "out",
              "path": "/nix/store/1r3winn5zfalbmwinc6lq88b9xraby8a-postgresql-17.7",
              "default": true
            },
            {
              "name": "man",
              "path": "/nix/store/dj5ziqm1qamn4bxf686fj08rzpp400wa-postgresql-17.7-man",
              "default": true
            },
            {
              "name": "plperl",
              "path": "/nix/store/107mlxrvyrcv103i4amyx7d4jsdpg4ii-postgresql-17.7-plperl"
            },
            {
              "name": "dev",
              "path": "/nix/store/mrvyg7p7zl2v65bjkll6ajry4nm1vf5n-postgresql-17.7-dev"
            },
            {
              "name": "doc",
              "path": "/nix/store/n78ml6ksw0s2dxk7ic1gh28hmb6ycd1k-postgresql-17.7-doc"
            },
            {
              "name": "jit",
              "path": "/nix/store/71r1n46jc3g3j43gvdg9b6q33bw3bx55-postgresql-17.7-jit"
            },
            {
              "name": "plpython3",
              "path": "/nix/store/s89wqamhx0g8dhkfhs8y9ldlyxwfivpd-postgresql-17.7-plpython3"
            },
            {
              "name": "pltcl",
              "path": "/nix/store/nbhgray24frq0wk7ysbd05wx08wwlymh-postgresql-17.7-pltcl"
            },
            {
              "name": "lib",
              "path": "/nix/store/gkgw7kfwcp5a3pqzw09jqzhszrhkaiq5-postgresql-17.7-lib"
            }
          ],
          "store_path": "/nix/store/1r3winn5zfalbmwinc6lq88b9xraby8a-postgresql-17.7"
        },
        "aarch64-linux": {
          "outputs": [
            {
              "name": "out",
              "path": "/nix/store/zf2820zfkfksdk8sfm3w9dckl8xszlwp-postgresql-17.7",
              "default": true
            },
            {
              "name": "man",
              "path": "/nix/store/a1qcrfk56mh3vyark65rvmz9y02rnwiw-postgresql-17.7-man",
              "default": true
            },
            {
              "name": "plpython3",
              "path": "/nix/store/x4ry31m2gq8yzyf19lp7pa7iyg4skra6-postgresql-17.7-plpython3"
            },
            {
              "name": "pltcl",
              "path": "/nix/store/wk1642q21p2gh94457nxa4ndlizfl54h-postgresql-17.7-pltcl"
            },
            {
              "name": "debug",
              "path": "/nix/store/07d3nmjmm625xsy5w50v8hs8xxi78gs2-postgresql-17.7-debug"
            },
            {
              "name": "doc",
              "path": "/nix/store/hpc3lmc215wv6dg4vxism4nkr0vaf5kf-postgresql-17.7-doc"
            },
            {
              "name": "jit",
              "path": "/nix/store/mg2l11akzzg3biy06pcrsbnms95rv5sk-postgresql-17.7-jit"
            },
            {
              "name": "dev",
              "path": "/nix/store/gnn65ifxb4vxfqqmsz181jb50bdm1ddw-postgresql-17.7-dev"
            },
            {
              "name": "lib",
              "path": "/nix/store/3sd6wqh57cnsniqwji06nkjqs62621w9-postgresql-17.7-lib"
            },
            {
              "name": "plperl",
              "path": "/nix/store/q0xfwfc7pi0vdhj60s8jrixn8r0an0gq-postgresql-17.7-plperl"
            }
          ],
          "store_path": "/nix/store/zf2820zfkfksdk8sfm3w9dckl8xszlwp-postgresql-17.7"
        },
        "x86_64-darwin": {
          "outputs": [
            {
              "name": "out",
              "path": "/nix/store/k29fa39ca5bbdg4wli3zb9lc4dzmnpl6-postgresql-17.7",
              "default": true
            },
            {
              "name": "man",
              "path": "/nix/store/g7fk07mbv5z7zb6di313jsr2d22ilghj-postgresql-17.7-man",
              "default": true
            },
            {
              "name": "plperl",
              "path": "/nix/store/3wz08r6904nja561g87y9lnimr899iha-postgresql-17.7-plperl"
            },
            {
              "name": "pltcl",
              "path": "/nix/store/zrihs39fvsg98fkydrrcn738qkyl44f8-postgresql-17.7-pltcl"
            },
            {
              "name": "dev",
              "path": "/nix/store/9by238ra0dyyl6cgffi8815cvys7avb0-postgresql-17.7-dev"
            },
            {
              "name": "jit",
              "path": "/nix/store/4l0v5qzkrpyx1j3x27nafh3wv6dl7fk8-postgresql-17.7-jit"
            },
            {
              "name": "plpython3",
              "path": "/nix/store/8wjjgmmjnaa66mgrv7fnk3sq9s4bj6jn-postgresql-17.7-plpython3"
            },
            {
              "name": "doc",
              "path": "/nix/store/2qicjyqc6az614ih1k4znsgimv8xryqa-postgresql-17.7-doc"
            },
            {
              "name": "lib",
              "path": "/nix/store/1zraq1plnja6slvm7nsjajql0w2r13xh-postgresql-17.7-lib"
            }
          ],
          "store_path": "/nix/store/k29fa39ca5bbdg4wli3zb9lc4dzmnpl6-postgresql-17.7"
        },
        "x86_64-linux": {
          "outputs": [
            {
              "name": "out",
              "path": "/nix/store/hkhbalgmx1669niw8jg648vbqs3mdxkv-postgresql-17.7",
              "default": true
            },
            {
              "name": "man",
              "path": "/nix/store/1vmp92d903jjf4m5jb1zxhy5q7lpw4rj-postgresql-17.7-man",
              "default": true
            },
            {
              "name": "debug",
              "path": "/nix/store/v574nvjrvvq3d61n3sz5zlbhq2cfdswp-postgresql-17.7-debug"
            },
            {
              "name": "lib",
              "path": "/nix/store/5225f1ish8km9ka30g7d3pbkr5bm191d-postgresql-17.7-lib"
            },
            {
              "name": "plperl",
              "path": "/nix/store/ndsb1zlfy750ngfzqkjpsvmllvhdvwcc-postgresql-17.7-plperl"
            },
            {
              "name": "pltcl",
              "path": "/nix/store/5xw9m3d3ya7a3465kp4h2b5kykjnbwgp-postgresql-17.7-pltcl"
            },
            {
              "name": "dev",
              "path": "/nix/store/s2g1pc44iip8kslvs9y03x6x0h83g6p3-postgresql-17.7-dev"
            },
            {
              "name": "doc",
              "path": "/nix/store/lan4adw325nkizls7m9s8aw50bj57xlr-postgresql-17.7-doc"
            },
            {
              "name": "jit",
              "path": "/nix/store/3wnpb9lmkb2car15wsnh0jni2r5s26ri-postgresql-17.7-jit"
            },
            {
              "name": "plpython3",
              "path": "/nix/store/q5ly90dah4k5kxniqzjm73rfglab3mxz-postgresql-17.7-plpython3"
            }
          ],
          "store_path": "/nix/store/hkhbalgmx1669niw8jg648vbqs3mdxkv-postgresql-17.7"
        }
      }
    },
    "python@3.13": {
      "last_modified": "2025-05-16T20:19:48Z",
      "plugin_version": "0.0.4",
      "resolved": "github:NixOS/nixpkgs/12a55407652e04dcf2309436eb06fef0d3713ef3#python313",
      "source": "devbox-search",
      "version": "3.13.3",
      "systems": {
        "aarch64-darwin": {
          "outputs": [
            {
              "name": "out",
              "path": "/nix/store/1a8xg8l3m67hxinxzzcsak9736qm9vsf-python3-3.13.3",
              "default": true
            }
          ],
          "store_path": "/nix/store/1a8xg8l3m67hxinxzzcsak9736qm9vsf-python3-3.13.3"
        },
        "aarch64-linux": {
          "outputs": [
            {
              "name": "out",
              "path": "/nix/store/yy0xvc2rydhrs0h1v8d7r3sql347xzz5-python3-3.13.3",
              "default": true
            },
            {
              "name": "debug",
              "path": "/nix/store/42bxfqfrh8cwspl7szr0cw8739xv8qlq-python3-3.13.3-debug"
            }
          ],
          "store_path": "/nix/store/yy0xvc2rydhrs0h1v8d7r3sql347xzz5-python3-3.13.3"
        },
        "x86_64-darwin": {
          "outputs": [
            {
              "name": "out",
              "path": "/nix/store/gbrigjhghz9v2p0zf9b2fnvs0g0yx7q4-python3-3.13.3",
              "default": true
            }
          ],
          "store_path": "/nix/store/gbrigjhghz9v2p0zf9b2fnvs0g0yx7q4-python3-3.13.3"
        },
        "x86_64-linux": {
          "outputs": [
            {
              "name": "out",
              "path": "/nix/store/2mab9iiwhcqwk75qwvp3zv0bvbiaq6cs-python3-3.13.3",
              "default": true
            },
            {
              "name": "debug",
              "path": "/nix/store/9z6k8ijl2md0y2n95yprbjj4vxbfsi15-python3-3.13.3-debug"
            }
          ],
          "store_path": "/nix/store/2mab9iiwhcqwk75qwvp3zv0bvbiaq6cs-python3-3.13.3"
        }
      }
    },
    "sqlcmd@latest": {
      "last_modified": "2025-11-23T21:50:36Z",
      "resolved": "github:NixOS/nixpkgs/ee09932cedcef15aaf476f9343d1dea2cb77e261#sqlcmd",
      "source": "devbox-search",
      "version": "1.8.3",
      "systems": {
        "aarch64-darwin": {
          "outputs": [
            {
              "name": "out",
              "path": "/nix/store/fjpj43c32xkg8apd244k6plid0b5808g-sqlcmd-1.8.3",
              "default": true
            }
          ],
          "store_path": "/nix/store/fjpj43c32xkg8apd244k6plid0b5808g-sqlcmd-1.8.3"
        },
        "aarch64-linux": {
          "outputs": [
            {
              "name": "out",
              "path": "/nix/store/9ajvbydbpfffz67av3wncfhr2l16k6wf-sqlcmd-1.8.3",
              "default": true
            }
          ],
          "store_path": "/nix/store/9ajvbydbpfffz67av3wncfhr2l16k6wf-sqlcmd-1.8.3"
        },
        "x86_64-darwin": {
          "outputs": [
            {
              "name": "out",
              "path": "/nix/store/xwid0ak4arysm7mxndz2alihiw2k413r-sqlcmd-1.8.3",
              "default": true
            }
          ],
          "store_path": "/nix/store/xwid0ak4arysm7mxndz2alihiw2k413r-sqlcmd-1.8.3"
        },
        "x86_64-linux": {
          "outputs": [
            {
              "name": "out",
              "path": "/nix/store/j0961xhfpblmdw7d5d5dn6q92fks9681-sqlcmd-1.8.3",
              "default": true
            }
          ],
          "store_path": "/nix/store/j0961xhfpblmdw7d5d5dn6q92fks9681-sqlcmd-1.8.3"
        }
      }
    },
    "sqlfluff@latest": {
      "last_modified": "2025-11-23T21:50:36Z",
      "resolved": "github:NixOS/nixpkgs/ee09932cedcef15aaf476f9343d1dea2cb77e261#sqlfluff",
      "source": "devbox-search",
      "version": "3.5.0",
      "systems": {
        "aarch64-darwin": {
          "outputs": [
            {
              "name": "out",
              "path": "/nix/store/cl3lfg9l5rlbm068sb306jh7lrwdalhh-sqlfluff-3.5.0",
              "default": true
            },
            {
              "name": "dist",
              "path": "/nix/store/zw18argc8izcw7ihd7cs00ip5hm9m59m-sqlfluff-3.5.0-dist"
            }
          ],
          "store_path": "/nix/store/cl3lfg9l5rlbm068sb306jh7lrwdalhh-sqlfluff-3.5.0"
        },
        "aarch64-linux": {
          "outputs": [
            {
              "name": "out",
              "path": "/nix/store/y75dn6c0fkw26gm7dphdd2dkvah608q1-sqlfluff-3.5.0",
              "default": true
            },
            {
              "name": "dist",
              "path": "/nix/store/1apvrf0hmqjazqigclwjlv2k4h4yzwqw-sqlfluff-3.5.0-dist"
            }
          ],
          "store_path": "/nix/store/y75dn6c0fkw26gm7dphdd2dkvah608q1-sqlfluff-3.5.0"
        },
        "x86_64-darwin": {
          "outputs": [
            {
              "name": "out",
              "path": "/nix/store/qr4zjx0z06p7km7fs0ic5a64l6vzb3vz-sqlfluff-3.5.0",
              "default": true
            },
            {
              "name": "dist",
              "path": "/nix/store/8acznm7qd7nb7s61lqk3qniczv0785mg-sqlfluff-3.5.0-dist"
            }
          ],
          "store_path": "/nix/store/qr4zjx0z06p7km7fs0ic5a64l6vzb3vz-sqlfluff-3.5.0"
        },
        "x86_64-linux": {
          "outputs": [
            {
              "name": "out",
              "path": "/nix/store/1d7g0r1x6a3cb73crmh8ihbqkb3cb77g-sqlfluff-3.5.0",
              "default": true
            },
            {
              "name": "dist",
              "path": "/nix/store/83820a1gsghjh4qkjjlg2zm4jqakm0x2-sqlfluff-3.5.0-dist"
            }
          ],
          "store_path": "/nix/store/1d7g0r1x6a3cb73crmh8ihbqkb3cb77g-sqlfluff-3.5.0"
        }
      }
    },
    "uv@latest": {
      "last_modified": "2025-12-04T04:58:45Z",
      "resolved": "github:NixOS/nixpkgs/821f1a2ebab0f13d6d65170d6bd7d2b3a182efdb#uv",
      "source": "devbox-search",
      "version": "0.9.15",
      "systems": {
        "aarch64-darwin": {
          "outputs": [
            {
              "name": "out",
              "path": "/nix/store/ygjvbgmlcwcsn49h6iqmv1zb63945fil-uv-0.9.15",
              "default": true
            }
          ],
          "store_path": "/nix/store/ygjvbgmlcwcsn49h6iqmv1zb63945fil-uv-0.9.15"
        },
        "aarch64-linux": {
          "outputs": [
            {
              "name": "out",
              "path": "/nix/store/ixkl2madqd89qy5yhhr963pq5jdlffwx-uv-0.9.15",
              "default": true
            }
          ],
          "store_path": "/nix/store/ixkl2madqd89qy5yhhr963pq5jdlffwx-uv-0.9.15"
        },
        "x86_64-darwin": {
          "outputs": [
            {
              "name": "out",
              "path": "/nix/store/94x53a87w6dhzpbhqbyylwpax4cy6kp8-uv-0.9.15",
              "default": true
            }
          ],
          "store_path": "/nix/store/94x53a87w6dhzpbhqbyylwpax4cy6kp8-uv-0.9.15"
        },
        "x86_64-linux": {
          "outputs": [
            {
              "name": "out",
              "path": "/nix/store/qpjjd520lh2pjif58wmlrjd4a5mmm55w-uv-0.9.15",
              "default": true
            }
          ],
          "store_path": "/nix/store/qpjjd520lh2pjif58wmlrjd4a5mmm55w-uv-0.9.15"
        }
      }
    },
    "watch@latest": {
      "last_modified": "2023-02-24T09:01:09Z",
      "resolved": "github:NixOS/nixpkgs/7d0ed7f2e5aea07ab22ccb338d27fbe347ed2f11#watch",
      "source": "devbox-search",
      "version": "3.3.17"
    }
  }
}
